
Microsoft Visual Studio Solution File, Format Version 12.00
# Visual Studio Version 16
VisualStudioVersion = 16.0.30907.101
MinimumVisualStudioVersion = 10.0.40219.1
Project("{FAE04EC0-301F-11D3-BF4B-00C04F79EFBC}") = "L2C", "L2C\L2C.csproj", "{61F91C86-AAC9-4A6C-9958-201E0F693403}"
EndProject
Global
	GlobalSection(SolutionConfigurationPlatforms) = preSolution
		Debug|Any CPU = Debug|Any CPU
		Release|Any CPU = Release|Any CPU
	EndGlobalSection
	GlobalSection(ProjectConfigurationPlatforms) = postSolution
		{61F91C86-AAC9-4A6C-9958-201E0F693403}.Debug|Any CPU.ActiveCfg = Debug|Any CPU
		{61F91C86-AAC9-4A6C-9958-201E0F693403}.Debug|Any CPU.Build.0 = Debug|Any CPU
		{61F91C86-AAC9-4A6C-9958-201E0F693403}.Release|Any CPU.ActiveCfg = Release|Any CPU
		{61F91C86-AAC9-4A6C-9958-201E0F693403}.Release|Any CPU.Build.0 = Release|Any CPU
	EndGlobalSection
	GlobalSection(SolutionProperties) = preSolution
		HideSolutionNode = FALSE
	EndGlobalSection
	GlobalSection(ExtensibilityGlobals) = postSolution
		SolutionGuid = {02A6594E-EF71-44FA-9351-8EE5EBEBB15C}
	EndGlobalSection
EndGlobal
